
Microsoft Visual Studio Solution File, Format Version 12.00
# Visual Studio Version 16
VisualStudioVersion = 16.0.32630.194
MinimumVisualStudioVersion = 10.0.40219.1
Project("{FAE04EC0-301F-11D3-BF4B-00C04F79EFBC}") = "Classes", "Classes\Classes.csproj", "{450F0812-830F-4B78-ADB2-80901D611341}"
EndProject
Global
	GlobalSection(SolutionConfigurationPlatforms) = preSolution
		Debug|Any CPU = Debug|Any CPU
		Release|Any CPU = Release|Any CPU
	EndGlobalSection
	GlobalSection(ProjectConfigurationPlatforms) = postSolution
		{450F0812-830F-4B78-ADB2-80901D611341}.Debug|Any CPU.ActiveCfg = Debug|Any CPU
		{450F0812-830F-4B78-ADB2-80901D611341}.Debug|Any CPU.Build.0 = Debug|Any CPU
		{450F0812-830F-4B78-ADB2-80901D611341}.Release|Any CPU.ActiveCfg = Release|Any CPU
		{450F0812-830F-4B78-ADB2-80901D611341}.Release|Any CPU.Build.0 = Release|Any CPU
	EndGlobalSection
	GlobalSection(SolutionProperties) = preSolution
		HideSolutionNode = FALSE
	EndGlobalSection
	GlobalSection(ExtensibilityGlobals) = postSolution
		SolutionGuid = {D70EDEAC-5C57-47F7-98BD-A0AC1B908DA8}
	EndGlobalSection
EndGlobal
